
Microsoft Visual Studio Solution File, Format Version 12.00
# Visual Studio Version 16
VisualStudioVersion = 16.0.31515.178
MinimumVisualStudioVersion = 10.0.40219.1
Project("{9A19103F-16F7-4668-BE54-9A1E7A4F7556}") = "PostgreSQL", "PostgreSQL.csproj", "{23CC72D3-124C-48CD-BC5E-790D13BBC31F}"
EndProject
Global
	GlobalSection(SolutionConfigurationPlatforms) = preSolution
		Debug|x64 = Debug|x64
		Release|x64 = Release|x64
	EndGlobalSection
	GlobalSection(ProjectConfigurationPlatforms) = postSolution
		{23CC72D3-124C-48CD-BC5E-790D13BBC31F}.Debug|x64.ActiveCfg = Debug|x64
		{23CC72D3-124C-48CD-BC5E-790D13BBC31F}.Debug|x64.Build.0 = Debug|x64
		{23CC72D3-124C-48CD-BC5E-790D13BBC31F}.Release|x64.ActiveCfg = Release|x64
		{23CC72D3-124C-48CD-BC5E-790D13BBC31F}.Release|x64.Build.0 = Release|x64
	EndGlobalSection
	GlobalSection(SolutionProperties) = preSolution
		HideSolutionNode = FALSE
	EndGlobalSection
	GlobalSection(ExtensibilityGlobals) = postSolution
		SolutionGuid = {C0875946-27DE-412B-9439-A0A9529BC4CF}
	EndGlobalSection
EndGlobal
